
Microsoft Visual Studio Solution File, Format Version 12.00
# Visual Studio Version 17
VisualStudioVersion = 17.9.34723.18
MinimumVisualStudioVersion = 10.0.40219.1
Project("{8BC9CEB8-8B4A-11D0-8D11-00A0C91BC942}") = "Command", "Command\Command.vcxproj", "{088AF7C5-7884-41FD-92AF-5042E32C0501}"
EndProject
Project("{2150E333-8FDC-42A3-9474-1A3956D46DE8}") = "Solution Items", "Solution Items", "{C449304A-2EE3-41E5-AF56-B70EDF75EB60}"
	ProjectSection(SolutionItems) = preProject
		LICENSE = LICENSE
		README.md = README.md
	EndProjectSection
EndProject
Project("{8BC9CEB8-8B4A-11D0-8D11-00A0C91BC942}") = "Flyweight", "Flyweight\Flyweight.vcxproj", "{DC06596C-E71B-46B7-A8F0-A23594ED77E7}"
EndProject
Project("{8BC9CEB8-8B4A-11D0-8D11-00A0C91BC942}") = "Singleton", "Singleton\Singleton.vcxproj", "{C5F73288-9228-4FA5-925C-792DE0E20638}"
EndProject
Global
	GlobalSection(SolutionConfigurationPlatforms) = preSolution
		Debug|x64 = Debug|x64
		Debug|x86 = Debug|x86
		Release|x64 = Release|x64
		Release|x86 = Release|x86
	EndGlobalSection
	GlobalSection(ProjectConfigurationPlatforms) = postSolution
		{088AF7C5-7884-41FD-92AF-5042E32C0501}.Debug|x64.ActiveCfg = Debug|x64
		{088AF7C5-7884-41FD-92AF-5042E32C0501}.Debug|x64.Build.0 = Debug|x64
		{088AF7C5-7884-41FD-92AF-5042E32C0501}.Debug|x86.ActiveCfg = Debug|Win32
		{088AF7C5-7884-41FD-92AF-5042E32C0501}.Debug|x86.Build.0 = Debug|Win32
		{088AF7C5-7884-41FD-92AF-5042E32C0501}.Release|x64.ActiveCfg = Release|x64
		{088AF7C5-7884-41FD-92AF-5042E32C0501}.Release|x64.Build.0 = Release|x64
		{088AF7C5-7884-41FD-92AF-5042E32C0501}.Release|x86.ActiveCfg = Release|Win32
		{088AF7C5-7884-41FD-92AF-5042E32C0501}.Release|x86.Build.0 = Release|Win32
		{DC06596C-E71B-46B7-A8F0-A23594ED77E7}.Debug|x64.ActiveCfg = Debug|x64
		{DC06596C-E71B-46B7-A8F0-A23594ED77E7}.Debug|x64.Build.0 = Debug|x64
		{DC06596C-E71B-46B7-A8F0-A23594ED77E7}.Debug|x86.ActiveCfg = Debug|Win32
		{DC06596C-E71B-46B7-A8F0-A23594ED77E7}.Debug|x86.Build.0 = Debug|Win32
		{DC06596C-E71B-46B7-A8F0-A23594ED77E7}.Release|x64.ActiveCfg = Release|x64
		{DC06596C-E71B-46B7-A8F0-A23594ED77E7}.Release|x64.Build.0 = Release|x64
		{DC06596C-E71B-46B7-A8F0-A23594ED77E7}.Release|x86.ActiveCfg = Release|Win32
		{DC06596C-E71B-46B7-A8F0-A23594ED77E7}.Release|x86.Build.0 = Release|Win32
		{C5F73288-9228-4FA5-925C-792DE0E20638}.Debug|x64.ActiveCfg = Debug|x64
		{C5F73288-9228-4FA5-925C-792DE0E20638}.Debug|x64.Build.0 = Debug|x64
		{C5F73288-9228-4FA5-925C-792DE0E20638}.Debug|x86.ActiveCfg = Debug|Win32
		{C5F73288-9228-4FA5-925C-792DE0E20638}.Debug|x86.Build.0 = Debug|Win32
		{C5F73288-9228-4FA5-925C-792DE0E20638}.Release|x64.ActiveCfg = Release|x64
		{C5F73288-9228-4FA5-925C-792DE0E20638}.Release|x64.Build.0 = Release|x64
		{C5F73288-9228-4FA5-925C-792DE0E20638}.Release|x86.ActiveCfg = Release|Win32
		{C5F73288-9228-4FA5-925C-792DE0E20638}.Release|x86.Build.0 = Release|Win32
	EndGlobalSection
	GlobalSection(SolutionProperties) = preSolution
		HideSolutionNode = FALSE
	EndGlobalSection
	GlobalSection(ExtensibilityGlobals) = postSolution
		SolutionGuid = {9E5263C0-082F-4A07-A70A-DDAF4594695F}
	EndGlobalSection
EndGlobal
